
Microsoft Visual Studio Solution File, Format Version 12.00
# Visual Studio 15
VisualStudioVersion = 15.0.28010.2016
MinimumVisualStudioVersion = 10.0.40219.1
Project("{FAE04EC0-301F-11D3-BF4B-00C04F79EFBC}") = "OOServer", "OOGramogOunce\OOServer.csproj", "{66EF59F9-60B7-4D98-93CB-81EE58ABA28E}"
EndProject
Project("{FAE04EC0-301F-11D3-BF4B-00C04F79EFBC}") = "OOClient", "OOClient\OOClient.csproj", "{2C57ADFC-4534-466E-9C3B-5D14B0D65DBF}"
EndProject
Global
	GlobalSection(SolutionConfigurationPlatforms) = preSolution
		Debug|Any CPU = Debug|Any CPU
		Release|Any CPU = Release|Any CPU
	EndGlobalSection
	GlobalSection(ProjectConfigurationPlatforms) = postSolution
		{66EF59F9-60B7-4D98-93CB-81EE58ABA28E}.Debug|Any CPU.ActiveCfg = Debug|Any CPU
		{66EF59F9-60B7-4D98-93CB-81EE58ABA28E}.Debug|Any CPU.Build.0 = Debug|Any CPU
		{66EF59F9-60B7-4D98-93CB-81EE58ABA28E}.Release|Any CPU.ActiveCfg = Release|Any CPU
		{66EF59F9-60B7-4D98-93CB-81EE58ABA28E}.Release|Any CPU.Build.0 = Release|Any CPU
		{2C57ADFC-4534-466E-9C3B-5D14B0D65DBF}.Debug|Any CPU.ActiveCfg = Debug|Any CPU
		{2C57ADFC-4534-466E-9C3B-5D14B0D65DBF}.Debug|Any CPU.Build.0 = Debug|Any CPU
		{2C57ADFC-4534-466E-9C3B-5D14B0D65DBF}.Release|Any CPU.ActiveCfg = Release|Any CPU
		{2C57ADFC-4534-466E-9C3B-5D14B0D65DBF}.Release|Any CPU.Build.0 = Release|Any CPU
	EndGlobalSection
	GlobalSection(SolutionProperties) = preSolution
		HideSolutionNode = FALSE
	EndGlobalSection
	GlobalSection(ExtensibilityGlobals) = postSolution
		SolutionGuid = {C48F6BBE-2C0E-4318-88AE-755BC599725E}
	EndGlobalSection
EndGlobal
